
Microsoft Visual Studio Solution File, Format Version 12.00
# Visual Studio Version 17
VisualStudioVersion = 17.6.33829.357
MinimumVisualStudioVersion = 10.0.40219.1
Project("{9A19103F-16F7-4668-BE54-9A1E7A4F7556}") = "EndavaTechCourseBankingApplication.Server", "EndavaTechCourseBankingApplication\Server\EndavaTechCourseBankingApplication.Server.csproj", "{656BB792-055D-4B5F-ABF3-09801B453625}"
EndProject
Project("{9A19103F-16F7-4668-BE54-9A1E7A4F7556}") = "EndavaTechCourseBankingApplication.Client", "EndavaTechCourseBankingApplication\Client\EndavaTechCourseBankingApplication.Client.csproj", "{2FCB8BDE-EA6A-4A3B-8601-D42720811433}"
EndProject
Project("{9A19103F-16F7-4668-BE54-9A1E7A4F7556}") = "EndavaTechCourseBankingApplication.Shared", "EndavaTechCourseBankingApplication\Shared\EndavaTechCourseBankingApplication.Shared.csproj", "{C4D93E07-7E70-477F-B282-3DAA9EEB779E}"
EndProject
Project("{FAE04EC0-301F-11D3-BF4B-00C04F79EFBC}") = "EndavaTechCourseBankApplicationDomain", "EndavaTechCourseBankAppDomain\EndavaTechCourseBankApplicationDomain.csproj", "{8980EC6D-399E-4E15-B2D0-EE0A04F15313}"
EndProject
Global
	GlobalSection(SolutionConfigurationPlatforms) = preSolution
		Debug|Any CPU = Debug|Any CPU
		Release|Any CPU = Release|Any CPU
	EndGlobalSection
	GlobalSection(ProjectConfigurationPlatforms) = postSolution
		{656BB792-055D-4B5F-ABF3-09801B453625}.Debug|Any CPU.ActiveCfg = Debug|Any CPU
		{656BB792-055D-4B5F-ABF3-09801B453625}.Debug|Any CPU.Build.0 = Debug|Any CPU
		{656BB792-055D-4B5F-ABF3-09801B453625}.Release|Any CPU.ActiveCfg = Release|Any CPU
		{656BB792-055D-4B5F-ABF3-09801B453625}.Release|Any CPU.Build.0 = Release|Any CPU
		{2FCB8BDE-EA6A-4A3B-8601-D42720811433}.Debug|Any CPU.ActiveCfg = Debug|Any CPU
		{2FCB8BDE-EA6A-4A3B-8601-D42720811433}.Debug|Any CPU.Build.0 = Debug|Any CPU
		{2FCB8BDE-EA6A-4A3B-8601-D42720811433}.Release|Any CPU.ActiveCfg = Release|Any CPU
		{2FCB8BDE-EA6A-4A3B-8601-D42720811433}.Release|Any CPU.Build.0 = Release|Any CPU
		{C4D93E07-7E70-477F-B282-3DAA9EEB779E}.Debug|Any CPU.ActiveCfg = Debug|Any CPU
		{C4D93E07-7E70-477F-B282-3DAA9EEB779E}.Debug|Any CPU.Build.0 = Debug|Any CPU
		{C4D93E07-7E70-477F-B282-3DAA9EEB779E}.Release|Any CPU.ActiveCfg = Release|Any CPU
		{C4D93E07-7E70-477F-B282-3DAA9EEB779E}.Release|Any CPU.Build.0 = Release|Any CPU
		{8980EC6D-399E-4E15-B2D0-EE0A04F15313}.Debug|Any CPU.ActiveCfg = Debug|Any CPU
		{8980EC6D-399E-4E15-B2D0-EE0A04F15313}.Debug|Any CPU.Build.0 = Debug|Any CPU
		{8980EC6D-399E-4E15-B2D0-EE0A04F15313}.Release|Any CPU.ActiveCfg = Release|Any CPU
		{8980EC6D-399E-4E15-B2D0-EE0A04F15313}.Release|Any CPU.Build.0 = Release|Any CPU
	EndGlobalSection
	GlobalSection(SolutionProperties) = preSolution
		HideSolutionNode = FALSE
	EndGlobalSection
	GlobalSection(ExtensibilityGlobals) = postSolution
		SolutionGuid = {DF891A48-F4FA-4C99-A9B4-DB09BB04A85F}
	EndGlobalSection
EndGlobal
